
Microsoft Visual Studio Solution File, Format Version 12.00
# Visual Studio 2012
Project("{FAE04EC0-301F-11D3-BF4B-00C04F79EFBC}") = "App_Login", "App_Login\App_Login.csproj", "{6BB1A562-D8AF-43F1-926B-7758F509BDEE}"
EndProject
Global
	GlobalSection(SourceCodeControl) = preSolution
		SccNumberOfProjects = 2
		SccLocalPath0 = .
		SccProjectUniqueName1 = App_Login\\App_Login.csproj
		SccLocalPath1 = .
		SccProjectFilePathRelativizedFromConnection1 = App_Login\\
	EndGlobalSection
	GlobalSection(SolutionConfigurationPlatforms) = preSolution
		Debug|Any CPU = Debug|Any CPU
		Release|Any CPU = Release|Any CPU
	EndGlobalSection
	GlobalSection(ProjectConfigurationPlatforms) = postSolution
		{6BB1A562-D8AF-43F1-926B-7758F509BDEE}.Debug|Any CPU.ActiveCfg = Debug|Any CPU
		{6BB1A562-D8AF-43F1-926B-7758F509BDEE}.Debug|Any CPU.Build.0 = Debug|Any CPU
		{6BB1A562-D8AF-43F1-926B-7758F509BDEE}.Release|Any CPU.ActiveCfg = Release|Any CPU
		{6BB1A562-D8AF-43F1-926B-7758F509BDEE}.Release|Any CPU.Build.0 = Release|Any CPU
	EndGlobalSection
	GlobalSection(SolutionProperties) = preSolution
		HideSolutionNode = FALSE
	EndGlobalSection
EndGlobal
